
Microsoft Visual Studio Solution File, Format Version 12.00
# Visual Studio Version 16
VisualStudioVersion = 16.0.31424.327
MinimumVisualStudioVersion = 10.0.40219.1
Project("{FAE04EC0-301F-11D3-BF4B-00C04F79EFBC}") = "NZMSA_HYD", "NZMSA_HYD\NZMSA_HYD.csproj", "{16AFB54B-D0C0-4FE0-BF48-DF0F002BAABE}"
EndProject
Global
	GlobalSection(SolutionConfigurationPlatforms) = preSolution
		Debug|Any CPU = Debug|Any CPU
		Release|Any CPU = Release|Any CPU
	EndGlobalSection
	GlobalSection(ProjectConfigurationPlatforms) = postSolution
		{16AFB54B-D0C0-4FE0-BF48-DF0F002BAABE}.Debug|Any CPU.ActiveCfg = Debug|Any CPU
		{16AFB54B-D0C0-4FE0-BF48-DF0F002BAABE}.Debug|Any CPU.Build.0 = Debug|Any CPU
		{16AFB54B-D0C0-4FE0-BF48-DF0F002BAABE}.Release|Any CPU.ActiveCfg = Release|Any CPU
		{16AFB54B-D0C0-4FE0-BF48-DF0F002BAABE}.Release|Any CPU.Build.0 = Release|Any CPU
	EndGlobalSection
	GlobalSection(SolutionProperties) = preSolution
		HideSolutionNode = FALSE
	EndGlobalSection
	GlobalSection(ExtensibilityGlobals) = postSolution
		SolutionGuid = {322D8CE6-75FD-404A-84CE-B92D77B01014}
	EndGlobalSection
EndGlobal
